
Microsoft Visual Studio Solution File, Format Version 12.00
# Visual Studio Version 17
VisualStudioVersion = 17.10.34607.79
MinimumVisualStudioVersion = 10.0.40219.1
Project("{FAE04EC0-301F-11D3-BF4B-00C04F79EFBC}") = "foodArena", "foodArena.csproj", "{69210222-7BFB-43C3-A4C1-B4E56934F9D8}"
EndProject
Global
	GlobalSection(SolutionConfigurationPlatforms) = preSolution
		Debug|Any CPU = Debug|Any CPU
		Release|Any CPU = Release|Any CPU
	EndGlobalSection
	GlobalSection(ProjectConfigurationPlatforms) = postSolution
		{69210222-7BFB-43C3-A4C1-B4E56934F9D8}.Debug|Any CPU.ActiveCfg = Debug|Any CPU
		{69210222-7BFB-43C3-A4C1-B4E56934F9D8}.Debug|Any CPU.Build.0 = Debug|Any CPU
		{69210222-7BFB-43C3-A4C1-B4E56934F9D8}.Release|Any CPU.ActiveCfg = Release|Any CPU
		{69210222-7BFB-43C3-A4C1-B4E56934F9D8}.Release|Any CPU.Build.0 = Release|Any CPU
	EndGlobalSection
	GlobalSection(SolutionProperties) = preSolution
		HideSolutionNode = FALSE
	EndGlobalSection
	GlobalSection(ExtensibilityGlobals) = postSolution
		SolutionGuid = {90BE7F13-110B-40E2-88D9-83660696B5B6}
	EndGlobalSection
EndGlobal
